
Microsoft Visual Studio Solution File, Format Version 12.00
# Visual Studio Version 16
VisualStudioVersion = 16.0.28803.352
MinimumVisualStudioVersion = 10.0.40219.1
Project("{FAE04EC0-301F-11D3-BF4B-00C04F79EFBC}") = "MiniProject-MusicPlayer", "MiniProject-MusicPlayer\MiniProject-MusicPlayer.csproj", "{4956821F-BCBD-46CB-97A9-40F7CC8EAD22}"
EndProject
Global
	GlobalSection(SolutionConfigurationPlatforms) = preSolution
		Debug|Any CPU = Debug|Any CPU
		Release|Any CPU = Release|Any CPU
	EndGlobalSection
	GlobalSection(ProjectConfigurationPlatforms) = postSolution
		{4956821F-BCBD-46CB-97A9-40F7CC8EAD22}.Debug|Any CPU.ActiveCfg = Debug|Any CPU
		{4956821F-BCBD-46CB-97A9-40F7CC8EAD22}.Debug|Any CPU.Build.0 = Debug|Any CPU
		{4956821F-BCBD-46CB-97A9-40F7CC8EAD22}.Release|Any CPU.ActiveCfg = Release|Any CPU
		{4956821F-BCBD-46CB-97A9-40F7CC8EAD22}.Release|Any CPU.Build.0 = Release|Any CPU
	EndGlobalSection
	GlobalSection(SolutionProperties) = preSolution
		HideSolutionNode = FALSE
	EndGlobalSection
	GlobalSection(ExtensibilityGlobals) = postSolution
		SolutionGuid = {DCCB6219-B629-4475-A7DB-A782FAF1E2B9}
	EndGlobalSection
EndGlobal
